
Microsoft Visual Studio Solution File, Format Version 12.00
# Visual Studio Version 16
VisualStudioVersion = 16.0.31624.102
MinimumVisualStudioVersion = 10.0.40219.1
Project("{FAE04EC0-301F-11D3-BF4B-00C04F79EFBC}") = "QuarterTemplate", "QuarterTemplate\QuarterTemplate.csproj", "{7D0FC682-5945-487F-A94C-9163C8030B59}"
EndProject
Global
	GlobalSection(SolutionConfigurationPlatforms) = preSolution
		Debug|Any CPU = Debug|Any CPU
		Release|Any CPU = Release|Any CPU
	EndGlobalSection
	GlobalSection(ProjectConfigurationPlatforms) = postSolution
		{7D0FC682-5945-487F-A94C-9163C8030B59}.Debug|Any CPU.ActiveCfg = Debug|Any CPU
		{7D0FC682-5945-487F-A94C-9163C8030B59}.Debug|Any CPU.Build.0 = Debug|Any CPU
		{7D0FC682-5945-487F-A94C-9163C8030B59}.Release|Any CPU.ActiveCfg = Release|Any CPU
		{7D0FC682-5945-487F-A94C-9163C8030B59}.Release|Any CPU.Build.0 = Release|Any CPU
	EndGlobalSection
	GlobalSection(SolutionProperties) = preSolution
		HideSolutionNode = FALSE
	EndGlobalSection
	GlobalSection(ExtensibilityGlobals) = postSolution
		SolutionGuid = {2DC9C0EE-6764-4720-83E3-2E22E613DD3D}
	EndGlobalSection
EndGlobal
